
Microsoft Visual Studio Solution File, Format Version 12.00
# Visual Studio Version 16
VisualStudioVersion = 16.0.30503.244
MinimumVisualStudioVersion = 10.0.40219.1
Project("{FAE04EC0-301F-11D3-BF4B-00C04F79EFBC}") = "IT481_Unit_3", "IT481_Unit_3\IT481_Unit_3.csproj", "{35ACF756-1708-49E6-A03F-4EFB51BE5B94}"
EndProject
Global
	GlobalSection(SolutionConfigurationPlatforms) = preSolution
		Debug|Any CPU = Debug|Any CPU
		Release|Any CPU = Release|Any CPU
	EndGlobalSection
	GlobalSection(ProjectConfigurationPlatforms) = postSolution
		{35ACF756-1708-49E6-A03F-4EFB51BE5B94}.Debug|Any CPU.ActiveCfg = Debug|Any CPU
		{35ACF756-1708-49E6-A03F-4EFB51BE5B94}.Debug|Any CPU.Build.0 = Debug|Any CPU
		{35ACF756-1708-49E6-A03F-4EFB51BE5B94}.Release|Any CPU.ActiveCfg = Release|Any CPU
		{35ACF756-1708-49E6-A03F-4EFB51BE5B94}.Release|Any CPU.Build.0 = Release|Any CPU
	EndGlobalSection
	GlobalSection(SolutionProperties) = preSolution
		HideSolutionNode = FALSE
	EndGlobalSection
	GlobalSection(ExtensibilityGlobals) = postSolution
		SolutionGuid = {76C817AE-7B22-484A-9CE5-298E831D5198}
	EndGlobalSection
EndGlobal
